{
  "name": "pw-2019-1-monitoria",
  "version": "1.0.0",
  "lockfileVersion": 1,
  "requires": true,
  "dependencies": {
    "marked": {
      "version": "0.6.2",
      "resolved": "https://registry.npmjs.org/marked/-/marked-0.6.2.tgz",
      "integrity": "sha512-LqxwVH3P/rqKX4EKGz7+c2G9r98WeM/SW34ybhgNGhUQNKtf1GmmSkJ6cDGJ/t6tiyae49qRkpyTw2B9HOrgUA=="
    },
    "md-2-json": {
      "version": "git+https://github.com/micalevisk/md-2-json.git#6d34dda4d71096623bd4f22b22735370ab96ad9d",
      "from": "git+https://github.com/micalevisk/md-2-json.git",
      "requires": {
        "marked": "^0.6.2",
        "traverse": "^0.6.6"
      }
    },
    "traverse": {
      "version": "0.6.6",
      "resolved": "https://registry.npmjs.org/traverse/-/traverse-0.6.6.tgz",
      "integrity": "sha1-y99WD9e5r2MlAv7UD5GMFX6pcTc="
    }
  }
}
